
Microsoft Visual Studio Solution File, Format Version 12.00
# Visual Studio 15
VisualStudioVersion = 15.0.28307.106
MinimumVisualStudioVersion = 10.0.40219.1
Project("{F14B399A-7131-4C87-9E4B-1186C45EF12D}") = "Report Project1", "Report Project1\Report Project1.rptproj", "{2A4A7B0F-665D-4B64-A3E3-93DC783742E4}"
EndProject
Global
	GlobalSection(SolutionConfigurationPlatforms) = preSolution
		Debug|Default = Debug|Default
		DebugLocal|Default = DebugLocal|Default
		Release|Default = Release|Default
	EndGlobalSection
	GlobalSection(ProjectConfigurationPlatforms) = postSolution
		{2A4A7B0F-665D-4B64-A3E3-93DC783742E4}.Debug|Default.ActiveCfg = Debug
		{2A4A7B0F-665D-4B64-A3E3-93DC783742E4}.Debug|Default.Build.0 = Debug
		{2A4A7B0F-665D-4B64-A3E3-93DC783742E4}.Debug|Default.Deploy.0 = Debug
		{2A4A7B0F-665D-4B64-A3E3-93DC783742E4}.DebugLocal|Default.ActiveCfg = DebugLocal
		{2A4A7B0F-665D-4B64-A3E3-93DC783742E4}.DebugLocal|Default.Build.0 = DebugLocal
		{2A4A7B0F-665D-4B64-A3E3-93DC783742E4}.Release|Default.ActiveCfg = Release
		{2A4A7B0F-665D-4B64-A3E3-93DC783742E4}.Release|Default.Build.0 = Release
		{2A4A7B0F-665D-4B64-A3E3-93DC783742E4}.Release|Default.Deploy.0 = Release
	EndGlobalSection
	GlobalSection(SolutionProperties) = preSolution
		HideSolutionNode = FALSE
	EndGlobalSection
	GlobalSection(ExtensibilityGlobals) = postSolution
		SolutionGuid = {9B7309B8-3030-43BA-AEE9-F04E086D0C1A}
	EndGlobalSection
EndGlobal
